
Microsoft Visual Studio Solution File, Format Version 12.00
# Visual Studio Version 16
VisualStudioVersion = 16.0.30711.63
MinimumVisualStudioVersion = 10.0.40219.1
Project("{9A19103F-16F7-4668-BE54-9A1E7A4F7556}") = "TodoApi", "TodoApi\TodoApi.csproj", "{5E90590C-867E-4F7D-B946-58E21A611A41}"
EndProject
Project("{FAE04EC0-301F-11D3-BF4B-00C04F79EFBC}") = "TodoApiHttpClient", "TodoApiHttpClient\TodoApiHttpClient.csproj", "{F7A99FB9-B2F6-4424-9106-B6F7643847F3}"
EndProject
Global
	GlobalSection(SolutionConfigurationPlatforms) = preSolution
		Debug|Any CPU = Debug|Any CPU
		Release|Any CPU = Release|Any CPU
	EndGlobalSection
	GlobalSection(ProjectConfigurationPlatforms) = postSolution
		{5E90590C-867E-4F7D-B946-58E21A611A41}.Debug|Any CPU.ActiveCfg = Debug|Any CPU
		{5E90590C-867E-4F7D-B946-58E21A611A41}.Debug|Any CPU.Build.0 = Debug|Any CPU
		{5E90590C-867E-4F7D-B946-58E21A611A41}.Release|Any CPU.ActiveCfg = Release|Any CPU
		{5E90590C-867E-4F7D-B946-58E21A611A41}.Release|Any CPU.Build.0 = Release|Any CPU
		{F7A99FB9-B2F6-4424-9106-B6F7643847F3}.Debug|Any CPU.ActiveCfg = Debug|Any CPU
		{F7A99FB9-B2F6-4424-9106-B6F7643847F3}.Debug|Any CPU.Build.0 = Debug|Any CPU
		{F7A99FB9-B2F6-4424-9106-B6F7643847F3}.Release|Any CPU.ActiveCfg = Release|Any CPU
		{F7A99FB9-B2F6-4424-9106-B6F7643847F3}.Release|Any CPU.Build.0 = Release|Any CPU
	EndGlobalSection
	GlobalSection(SolutionProperties) = preSolution
		HideSolutionNode = FALSE
	EndGlobalSection
	GlobalSection(ExtensibilityGlobals) = postSolution
		SolutionGuid = {60F807FF-15F3-4879-B6E8-A44092D3A2E7}
	EndGlobalSection
EndGlobal
